
Microsoft Visual Studio Solution File, Format Version 12.00
# Visual Studio Version 17
VisualStudioVersion = 17.4.33110.190
MinimumVisualStudioVersion = 10.0.40219.1
Project("{FAE04EC0-301F-11D3-BF4B-00C04F79EFBC}") = "Cats", "Cats\Cats.csproj", "{B6F26DDB-02D3-44D6-A561-566BA17C470F}"
EndProject
Global
	GlobalSection(SolutionConfigurationPlatforms) = preSolution
		Debug|Any CPU = Debug|Any CPU
		Release|Any CPU = Release|Any CPU
	EndGlobalSection
	GlobalSection(ProjectConfigurationPlatforms) = postSolution
		{B6F26DDB-02D3-44D6-A561-566BA17C470F}.Debug|Any CPU.ActiveCfg = Debug|Any CPU
		{B6F26DDB-02D3-44D6-A561-566BA17C470F}.Debug|Any CPU.Build.0 = Debug|Any CPU
		{B6F26DDB-02D3-44D6-A561-566BA17C470F}.Release|Any CPU.ActiveCfg = Release|Any CPU
		{B6F26DDB-02D3-44D6-A561-566BA17C470F}.Release|Any CPU.Build.0 = Release|Any CPU
	EndGlobalSection
	GlobalSection(SolutionProperties) = preSolution
		HideSolutionNode = FALSE
	EndGlobalSection
	GlobalSection(ExtensibilityGlobals) = postSolution
		SolutionGuid = {9C8AD176-1517-45F2-99AB-188595A6BB45}
	EndGlobalSection
EndGlobal
